{
  "name": "Project42",
  "lockfileVersion": 2,
  "requires": true,
  "packages": {
    "": {
      "dependencies": {
        "svgoban": "^1.0.0"
      }
    },
    "node_modules/svgoban": {
      "version": "1.0.0",
      "resolved": "https://registry.npmjs.org/svgoban/-/svgoban-1.0.0.tgz",
      "integrity": "sha512-D/xjBXK0qWI5KDpudalRe2Q1PTP955//vMm/szJ9Lo9iRpoEmZeQ8524+lcA0474jDsd7VNAzPKXj/EPaz+b8A=="
    }
  },
  "dependencies": {
    "svgoban": {
      "version": "1.0.0",
      "resolved": "https://registry.npmjs.org/svgoban/-/svgoban-1.0.0.tgz",
      "integrity": "sha512-D/xjBXK0qWI5KDpudalRe2Q1PTP955//vMm/szJ9Lo9iRpoEmZeQ8524+lcA0474jDsd7VNAzPKXj/EPaz+b8A=="
    }
  }
}
